
Microsoft Visual Studio Solution File, Format Version 12.00
# Visual Studio Version 17
VisualStudioVersion = 17.14.36408.4
MinimumVisualStudioVersion = 10.0.40219.1
Project("{FAE04EC0-301F-11D3-BF4B-00C04F79EFBC}") = "ListWatch", "ListWatch.csproj", "{94529979-CB86-4C8F-9FB4-9454B668D067}"
EndProject
Project("{54A90642-561A-4BB1-A94E-469ADEE60C69}") = "WatchlistFrontend", "..\WatchlistFrontend\WatchlistFrontend.esproj", "{D7C60E23-95E7-9BD2-E370-68A921AA51E7}"
EndProject
Project("{FAE04EC0-301F-11D3-BF4B-00C04F79EFBC}") = "TestProject1", "..\TestProject1\TestProject1.csproj", "{3D5959C6-598A-4819-AA3B-A47237C94CBF}"
EndProject
Global
	GlobalSection(SolutionConfigurationPlatforms) = preSolution
		Debug|Any CPU = Debug|Any CPU
		Release|Any CPU = Release|Any CPU
	EndGlobalSection
	GlobalSection(ProjectConfigurationPlatforms) = postSolution
		{94529979-CB86-4C8F-9FB4-9454B668D067}.Debug|Any CPU.ActiveCfg = Debug|Any CPU
		{94529979-CB86-4C8F-9FB4-9454B668D067}.Debug|Any CPU.Build.0 = Debug|Any CPU
		{94529979-CB86-4C8F-9FB4-9454B668D067}.Release|Any CPU.ActiveCfg = Release|Any CPU
		{94529979-CB86-4C8F-9FB4-9454B668D067}.Release|Any CPU.Build.0 = Release|Any CPU
		{D7C60E23-95E7-9BD2-E370-68A921AA51E7}.Debug|Any CPU.ActiveCfg = Debug|Any CPU
		{D7C60E23-95E7-9BD2-E370-68A921AA51E7}.Debug|Any CPU.Build.0 = Debug|Any CPU
		{D7C60E23-95E7-9BD2-E370-68A921AA51E7}.Debug|Any CPU.Deploy.0 = Debug|Any CPU
		{D7C60E23-95E7-9BD2-E370-68A921AA51E7}.Release|Any CPU.ActiveCfg = Release|Any CPU
		{D7C60E23-95E7-9BD2-E370-68A921AA51E7}.Release|Any CPU.Build.0 = Release|Any CPU
		{D7C60E23-95E7-9BD2-E370-68A921AA51E7}.Release|Any CPU.Deploy.0 = Release|Any CPU
		{3D5959C6-598A-4819-AA3B-A47237C94CBF}.Debug|Any CPU.ActiveCfg = Debug|Any CPU
		{3D5959C6-598A-4819-AA3B-A47237C94CBF}.Debug|Any CPU.Build.0 = Debug|Any CPU
		{3D5959C6-598A-4819-AA3B-A47237C94CBF}.Release|Any CPU.ActiveCfg = Release|Any CPU
		{3D5959C6-598A-4819-AA3B-A47237C94CBF}.Release|Any CPU.Build.0 = Release|Any CPU
	EndGlobalSection
	GlobalSection(SolutionProperties) = preSolution
		HideSolutionNode = FALSE
	EndGlobalSection
	GlobalSection(ExtensibilityGlobals) = postSolution
		SolutionGuid = {D4AC3104-89C7-4E85-BE44-112B7FFCBFBB}
	EndGlobalSection
EndGlobal
